
Microsoft Visual Studio Solution File, Format Version 11.00
# Visual Studio 2010
Project("{FAE04EC0-301F-11D3-BF4B-00C04F79EFBC}") = "VuforiaScripts", "VuforiaScripts.csproj", "{C8325FEE-CF3D-ADFA-67C2-43C3640E1967}"
EndProject
Project("{FAE04EC0-301F-11D3-BF4B-00C04F79EFBC}") = "Assembly-CSharp", "Assembly-CSharp.csproj", "{4F49059F-424C-F819-2518-4F15DC0C8E19}"
EndProject
Project("{FAE04EC0-301F-11D3-BF4B-00C04F79EFBC}") = "VuforiaEditorScripts", "VuforiaEditorScripts.csproj", "{F0398AA4-FDB4-9297-FA74-3D0A48FF2735}"
EndProject
Global
	GlobalSection(SolutionConfigurationPlatforms) = preSolution
		Debug|Any CPU = Debug|Any CPU
		Release|Any CPU = Release|Any CPU
	EndGlobalSection
	GlobalSection(ProjectConfigurationPlatforms) = postSolution
		{C8325FEE-CF3D-ADFA-67C2-43C3640E1967}.Debug|Any CPU.ActiveCfg = Debug|Any CPU
		{C8325FEE-CF3D-ADFA-67C2-43C3640E1967}.Debug|Any CPU.Build.0 = Debug|Any CPU
		{C8325FEE-CF3D-ADFA-67C2-43C3640E1967}.Release|Any CPU.ActiveCfg = Release|Any CPU
		{C8325FEE-CF3D-ADFA-67C2-43C3640E1967}.Release|Any CPU.Build.0 = Release|Any CPU
		{4F49059F-424C-F819-2518-4F15DC0C8E19}.Debug|Any CPU.ActiveCfg = Debug|Any CPU
		{4F49059F-424C-F819-2518-4F15DC0C8E19}.Debug|Any CPU.Build.0 = Debug|Any CPU
		{4F49059F-424C-F819-2518-4F15DC0C8E19}.Release|Any CPU.ActiveCfg = Release|Any CPU
		{4F49059F-424C-F819-2518-4F15DC0C8E19}.Release|Any CPU.Build.0 = Release|Any CPU
		{F0398AA4-FDB4-9297-FA74-3D0A48FF2735}.Debug|Any CPU.ActiveCfg = Debug|Any CPU
		{F0398AA4-FDB4-9297-FA74-3D0A48FF2735}.Debug|Any CPU.Build.0 = Debug|Any CPU
		{F0398AA4-FDB4-9297-FA74-3D0A48FF2735}.Release|Any CPU.ActiveCfg = Release|Any CPU
		{F0398AA4-FDB4-9297-FA74-3D0A48FF2735}.Release|Any CPU.Build.0 = Release|Any CPU
	EndGlobalSection
	GlobalSection(SolutionProperties) = preSolution
		HideSolutionNode = FALSE
	EndGlobalSection
EndGlobal
